// !$*UTF8*$!
{
	archiveVersion = 1;
	classes = {
	};
	objectVersion = 50;
	objects = {

/* Begin PBXBuildFile section */
		B5C744EA24BC937400EE2175 /* AppDelegate.m in Sources */ = {isa = PBXBuildFile; fileRef = B5C744E924BC937400EE2175 /* AppDelegate.m */; };
		B5C744ED24BC937400EE2175 /* SceneDelegate.m in Sources */ = {isa = PBXBuildFile; fileRef = B5C744EC24BC937400EE2175 /* SceneDelegate.m */; };
		B5C744F024BC937400EE2175 /* ViewController.m in Sources */ = {isa = PBXBuildFile; fileRef = B5C744EF24BC937400EE2175 /* ViewController.m */; };
		B5C744F324BC937400EE2175 /* Main.storyboard in Resources */ = {isa = PBXBuildFile; fileRef = B5C744F124BC937400EE2175 /* Main.storyboard */; };
		B5C744F524BC937A00EE2175 /* Assets.xcassets in Resources */ = {isa = PBXBuildFile; fileRef = B5C744F424BC937A00EE2175 /* Assets.xcassets */; };
		B5C744F824BC937A00EE2175 /* LaunchScreen.storyboard in Resources */ = {isa = PBXBuildFile; fileRef = B5C744F624BC937A00EE2175 /* LaunchScreen.storyboard */; };
		B5C744FB24BC937A00EE2175 /* main.m in Sources */ = {isa = PBXBuildFile; fileRef = B5C744FA24BC937A00EE2175 /* main.m */; };
		B5C7455124BC99A800EE2175 /* README.md in Resources */ = {isa = PBXBuildFile; fileRef = B5C7454D24BC99A700EE2175 /* README.md */; };
		B5C7455824BCA39200EE2175 /* NSData+AES.m in Sources */ = {isa = PBXBuildFile; fileRef = B5C7455624BCA39200EE2175 /* NSData+AES.m */; };
/* End PBXBuildFile section */

/* Begin PBXFileReference section */
		B5C744E524BC937400EE2175 /* aesDemo.app */ = {isa = PBXFileReference; explicitFileType = wrapper.application; includeInIndex = 0; path = aesDemo.app; sourceTree = BUILT_PRODUCTS_DIR; };
		B5C744E824BC937400EE2175 /* AppDelegate.h */ = {isa = PBXFileReference; lastKnownFileType = sourcecode.c.h; path = AppDelegate.h; sourceTree = "<group>"; };
		B5C744E924BC937400EE2175 /* AppDelegate.m */ = {isa = PBXFileReference; lastKnownFileType = sourcecode.c.objc; path = AppDelegate.m; sourceTree = "<group>"; };
		B5C744EB24BC937400EE2175 /* SceneDelegate.h */ = {isa = PBXFileReference; lastKnownFileType = sourcecode.c.h; path = SceneDelegate.h; sourceTree = "<group>"; };
		B5C744EC24BC937400EE2175 /* SceneDelegate.m */ = {isa = PBXFileReference; lastKnownFileType = sourcecode.c.objc; path = SceneDelegate.m; sourceTree = "<group>"; };
		B5C744EE24BC937400EE2175 /* ViewController.h */ = {isa = PBXFileReference; lastKnownFileType = sourcecode.c.h; path = ViewController.h; sourceTree = "<group>"; };
		B5C744EF24BC937400EE2175 /* ViewController.m */ = {isa = PBXFileReference; lastKnownFileType = sourcecode.c.objc; path = ViewController.m; sourceTree = "<group>"; };
		B5C744F224BC937400EE2175 /* Base */ = {isa = PBXFileReference; lastKnownFileType = file.storyboard; name = Base; path = Base.lproj/Main.storyboard; sourceTree = "<group>"; };
		B5C744F424BC937A00EE2175 /* Assets.xcassets */ = {isa = PBXFileReference; lastKnownFileType = folder.assetcatalog; path = Assets.xcassets; sourceTree = "<group>"; };
		B5C744F724BC937A00EE2175 /* Base */ = {isa = PBXFileReference; lastKnownFileType = file.storyboard; name = Base; path = Base.lproj/LaunchScreen.storyboard; sourceTree = "<group>"; };
		B5C744F924BC937A00EE2175 /* Info.plist */ = {isa = PBXFileReference; lastKnownFileType = text.plist.xml; path = Info.plist; sourceTree = "<group>"; };
		B5C744FA24BC937A00EE2175 /* main.m */ = {isa = PBXFileReference; lastKnownFileType = sourcecode.c.objc; path = main.m; sourceTree = "<group>"; };
		B5C7454D24BC99A700EE2175 /* README.md */ = {isa = PBXFileReference; fileEncoding = 4; lastKnownFileType = net.daringfireball.markdown; path = README.md; sourceTree = "<group>"; };
		B5C7455624BCA39200EE2175 /* NSData+AES.m */ = {isa = PBXFileReference; fileEncoding = 4; lastKnownFileType = sourcecode.c.objc; path = "NSData+AES.m"; sourceTree = "<group>"; };
		B5C7455724BCA39200EE2175 /* NSData+AES.h */ = {isa = PBXFileReference; fileEncoding = 4; lastKnownFileType = sourcecode.c.h; path = "NSData+AES.h"; sourceTree = "<group>"; };
/* End PBXFileReference section */

/* Begin PBXFrameworksBuildPhase section */
		B5C744E224BC937400EE2175 /* Frameworks */ = {
			isa = PBXFrameworksBuildPhase;
			buildActionMask = 2147483647;
			files = (
			);
			runOnlyForDeploymentPostprocessing = 0;
		};
/* End PBXFrameworksBuildPhase section */

/* Begin PBXGroup section */
		B5C744DC24BC937400EE2175 = {
			isa = PBXGroup;
			children = (
				B5C744E724BC937400EE2175 /* aesDemo */,
				B5C744E624BC937400EE2175 /* Products */,
			);
			sourceTree = "<group>";
		};
		B5C744E624BC937400EE2175 /* Products */ = {
			isa = PBXGroup;
			children = (
				B5C744E524BC937400EE2175 /* aesDemo.app */,
			);
			name = Products;
			sourceTree = "<group>";
		};
		B5C744E724BC937400EE2175 /* aesDemo */ = {
			isa = PBXGroup;
			children = (
				B5C7455724BCA39200EE2175 /* NSData+AES.h */,
				B5C7455624BCA39200EE2175 /* NSData+AES.m */,
				B5C7454D24BC99A700EE2175 /* README.md */,
				B5C744E824BC937400EE2175 /* AppDelegate.h */,
				B5C744E924BC937400EE2175 /* AppDelegate.m */,
				B5C744EB24BC937400EE2175 /* SceneDelegate.h */,
				B5C744EC24BC937400EE2175 /* SceneDelegate.m */,
				B5C744EE24BC937400EE2175 /* ViewController.h */,
				B5C744EF24BC937400EE2175 /* ViewController.m */,
				B5C744F124BC937400EE2175 /* Main.storyboard */,
				B5C744F424BC937A00EE2175 /* Assets.xcassets */,
				B5C744F624BC937A00EE2175 /* LaunchScreen.storyboard */,
				B5C744F924BC937A00EE2175 /* Info.plist */,
				B5C744FA24BC937A00EE2175 /* main.m */,
			);
			path = aesDemo;
			sourceTree = "<group>";
		};
/* End PBXGroup section */

/* Begin PBXNativeTarget section */
		B5C744E424BC937400EE2175 /* aesDemo */ = {
			isa = PBXNativeTarget;
			buildConfigurationList = B5C744FE24BC937A00EE2175 /* Build configuration list for PBXNativeTarget "aesDemo" */;
			buildPhases = (
				B5C744E124BC937400EE2175 /* Sources */,
				B5C744E224BC937400EE2175 /* Frameworks */,
				B5C744E324BC937400EE2175 /* Resources */,
			);
			buildRules = (
			);
			dependencies = (
			);
			name = aesDemo;
			productName = aesDemo;
			productReference = B5C744E524BC937400EE2175 /* aesDemo.app */;
			productType = "com.apple.product-type.application";
		};
/* End PBXNativeTarget section */

/* Begin PBXProject section */
		B5C744DD24BC937400EE2175 /* Project object */ = {
			isa = PBXProject;
			attributes = {
				LastUpgradeCheck = 1150;
				ORGANIZATIONNAME = admin;
				TargetAttributes = {
					B5C744E424BC937400EE2175 = {
						CreatedOnToolsVersion = 11.5;
					};
				};
			};
			buildConfigurationList = B5C744E024BC937400EE2175 /* Build configuration list for PBXProject "aesDemo" */;
			compatibilityVersion = "Xcode 9.3";
			developmentRegion = en;
			hasScannedForEncodings = 0;
			knownRegions = (
				en,
				Base,
			);
			mainGroup = B5C744DC24BC937400EE2175;
			productRefGroup = B5C744E624BC937400EE2175 /* Products */;
			projectDirPath = "";
			projectRoot = "";
			targets = (
				B5C744E424BC937400EE2175 /* aesDemo */,
			);
		};
/* End PBXProject section */

/* Begin PBXResourcesBuildPhase section */
		B5C744E324BC937400EE2175 /* Resources */ = {
			isa = PBXResourcesBuildPhase;
			buildActionMask = 2147483647;
			files = (
				B5C744F824BC937A00EE2175 /* LaunchScreen.storyboard in Resources */,
				B5C744F524BC937A00EE2175 /* Assets.xcassets in Resources */,
				B5C7455124BC99A800EE2175 /* README.md in Resources */,
				B5C744F324BC937400EE2175 /* Main.storyboard in Resources */,
			);
			runOnlyForDeploymentPostprocessing = 0;
		};
/* End PBXResourcesBuildPhase section */

/* Begin PBXSourcesBuildPhase section */
		B5C744E124BC937400EE2175 /* Sources */ = {
			isa = PBXSourcesBuildPhase;
			buildActionMask = 2147483647;
			files = (
				B5C7455824BCA39200EE2175 /* NSData+AES.m in Sources */,
				B5C744F024BC937400EE2175 /* ViewController.m in Sources */,
				B5C744EA24BC937400EE2175 /* AppDelegate.m in Sources */,
				B5C744FB24BC937A00EE2175 /* main.m in Sources */,
				B5C744ED24BC937400EE2175 /* SceneDelegate.m in Sources */,
			);
			runOnlyForDeploymentPostprocessing = 0;
		};
/* End PBXSourcesBuildPhase section */

/* Begin PBXVariantGroup section */
		B5C744F124BC937400EE2175 /* Main.storyboard */ = {
			isa = PBXVariantGroup;
			children = (
				B5C744F224BC937400EE2175 /* Base */,
			);
			name = Main.storyboard;
			sourceTree = "<group>";
		};
		B5C744F624BC937A00EE2175 /* LaunchScreen.storyboard */ = {
			isa = PBXVariantGroup;
			children = (
				B5C744F724BC937A00EE2175 /* Base */,
			);
			name = LaunchScreen.storyboard;
			sourceTree = "<group>";
		};
/* End PBXVariantGroup section */

/* Begin XCBuildConfiguration section */
		B5C744FC24BC937A00EE2175 /* Debug */ = {
			isa = XCBuildConfiguration;
			buildSettings = {
				ALWAYS_SEARCH_USER_PATHS = NO;
				CLANG_ANALYZER_NONNULL = YES;
				CLANG_ANALYZER_NUMBER_OBJECT_CONVERSION = YES_AGGRESSIVE;
				CLANG_CXX_LANGUAGE_STANDARD = "gnu++14";
				CLANG_CXX_LIBRARY = "libc++";
				CLANG_ENABLE_MODULES = YES;
				CLANG_ENABLE_OBJC_ARC = YES;
				CLANG_ENABLE_OBJC_WEAK = YES;
				CLANG_WARN_BLOCK_CAPTURE_AUTORELEASING = YES;
				CLANG_WARN_BOOL_CONVERSION = YES;
				CLANG_WARN_COMMA = YES;
				CLANG_WARN_CONSTANT_CONVERSION = YES;
				CLANG_WARN_DEPRECATED_OBJC_IMPLEMENTATIONS = YES;
				CLANG_WARN_DIRECT_OBJC_ISA_USAGE = YES_ERROR;
				CLANG_WARN_DOCUMENTATION_COMMENTS = YES;
				CLANG_WARN_EMPTY_BODY = YES;
				CLANG_WARN_ENUM_CONVERSION = YES;
				CLANG_WARN_INFINITE_RECURSION = YES;
				CLANG_WARN_INT_CONVERSION = YES;
				CLANG_WARN_NON_LITERAL_NULL_CONVERSION = YES;
				CLANG_WARN_OBJC_IMPLICIT_RETAIN_SELF = YES;
				CLANG_WARN_OBJC_LITERAL_CONVERSION = YES;
				CLANG_WARN_OBJC_ROOT_CLASS = YES_ERROR;
				CLANG_WARN_RANGE_LOOP_ANALYSIS = YES;
				CLANG_WARN_STRICT_PROTOTYPES = YES;
				CLANG_WARN_SUSPICIOUS_MOVE = YES;
				CLANG_WARN_UNGUARDED_AVAILABILITY = YES_AGGRESSIVE;
				CLANG_WARN_UNREACHABLE_CODE = YES;
				CLANG_WARN__DUPLICATE_METHOD_MATCH = YES;
				COPY_PHASE_STRIP = NO;
				DEBUG_INFORMATION_FORMAT = dwarf;
				ENABLE_STRICT_OBJC_MSGSEND = YES;
				ENABLE_TESTABILITY = YES;
				GCC_C_LANGUAGE_STANDARD = gnu11;
				GCC_DYNAMIC_NO_PIC = NO;
				GCC_NO_COMMON_BLOCKS = YES;
				GCC_OPTIMIZATION_LEVEL = 0;
				GCC_PREPROCESSOR_DEFINITIONS = (
					"DEBUG=1",
					"$(inherited)",
				);
				GCC_WARN_64_TO_32_BIT_CONVERSION = YES;
				GCC_WARN_ABOUT_RETURN_TYPE = YES_ERROR;
				GCC_WARN_UNDECLARED_SELECTOR = YES;
				GCC_WARN_UNINITIALIZED_AUTOS = YES_AGGRESSIVE;
				GCC_WARN_UNUSED_FUNCTION = YES;
				GCC_WARN_UNUSED_VARIABLE = YES;
				IPHONEOS_DEPLOYMENT_TARGET = 13.5;
				MTL_ENABLE_DEBUG_INFO = INCLUDE_SOURCE;
				MTL_FAST_MATH = YES;
				ONLY_ACTIVE_ARCH = YES;
				SDKROOT = iphoneos;
			};
			name = Debug;
		};
		B5C744FD24BC937A00EE2175 /* Release */ = {
			isa = XCBuildConfiguration;
			buildSettings = {
				ALWAYS_SEARCH_USER_PATHS = NO;
				CLANG_ANALYZER_NONNULL = YES;
				CLANG_ANALYZER_NUMBER_OBJECT_CONVERSION = YES_AGGRESSIVE;
				CLANG_CXX_LANGUAGE_STANDARD = "gnu++14";
				CLANG_CXX_LIBRARY = "libc++";
				CLANG_ENABLE_MODULES = YES;
				CLANG_ENABLE_OBJC_ARC = YES;
				CLANG_ENABLE_OBJC_WEAK = YES;
				CLANG_WARN_BLOCK_CAPTURE_AUTORELEASING = YES;
				CLANG_WARN_BOOL_CONVERSION = YES;
				CLANG_WARN_COMMA = YES;
				CLANG_WARN_CONSTANT_CONVERSION = YES;
				CLANG_WARN_DEPRECATED_OBJC_IMPLEMENTATIONS = YES;
				CLANG_WARN_DIRECT_OBJC_ISA_USAGE = YES_ERROR;
				CLANG_WARN_DOCUMENTATION_COMMENTS = YES;
				CLANG_WARN_EMPTY_BODY = YES;
				CLANG_WARN_ENUM_CONVERSION = YES;
				CLANG_WARN_INFINITE_RECURSION = YES;
				CLANG_WARN_INT_CONVERSION = YES;
				CLANG_WARN_NON_LITERAL_NULL_CONVERSION = YES;
				CLANG_WARN_OBJC_IMPLICIT_RETAIN_SELF = YES;
				CLANG_WARN_OBJC_LITERAL_CONVERSION = YES;
				CLANG_WARN_OBJC_ROOT_CLASS = YES_ERROR;
				CLANG_WARN_RANGE_LOOP_ANALYSIS = YES;
				CLANG_WARN_STRICT_PROTOTYPES = YES;
				CLANG_WARN_SUSPICIOUS_MOVE = YES;
				CLANG_WARN_UNGUARDED_AVAILABILITY = YES_AGGRESSIVE;
				CLANG_WARN_UNREACHABLE_CODE = YES;
				CLANG_WARN__DUPLICATE_METHOD_MATCH = YES;
				COPY_PHASE_STRIP = NO;
				DEBUG_INFORMATION_FORMAT = "dwarf-with-dsym";
				ENABLE_NS_ASSERTIONS = NO;
				ENABLE_STRICT_OBJC_MSGSEND = YES;
				GCC_C_LANGUAGE_STANDARD = gnu11;
				GCC_NO_COMMON_BLOCKS = YES;
				GCC_WARN_64_TO_32_BIT_CONVERSION = YES;
				GCC_WARN_ABOUT_RETURN_TYPE = YES_ERROR;
				GCC_WARN_UNDECLARED_SELECTOR = YES;
				GCC_WARN_UNINITIALIZED_AUTOS = YES_AGGRESSIVE;
				GCC_WARN_UNUSED_FUNCTION = YES;
				GCC_WARN_UNUSED_VARIABLE = YES;
				IPHONEOS_DEPLOYMENT_TARGET = 13.5;
				MTL_ENABLE_DEBUG_INFO = NO;
				MTL_FAST_MATH = YES;
				SDKROOT = iphoneos;
				VALIDATE_PRODUCT = YES;
			};
			name = Release;
		};
		B5C744FF24BC937A00EE2175 /* Debug */ = {
			isa = XCBuildConfiguration;
			buildSettings = {
				ASSETCATALOG_COMPILER_APPICON_NAME = AppIcon;
				CODE_SIGN_STYLE = Automatic;
				INFOPLIST_FILE = aesDemo/Info.plist;
				LD_RUNPATH_SEARCH_PATHS = (
					"$(inherited)",
					"@executable_path/Frameworks",
				);
				PRODUCT_BUNDLE_IDENTIFIER = admin.aesDemo;
				PRODUCT_NAME = "$(TARGET_NAME)";
				TARGETED_DEVICE_FAMILY = "1,2";
			};
			name = Debug;
		};
		B5C7450024BC937A00EE2175 /* Release */ = {
			isa = XCBuildConfiguration;
			buildSettings = {
				ASSETCATALOG_COMPILER_APPICON_NAME = AppIcon;
				CODE_SIGN_STYLE = Automatic;
				INFOPLIST_FILE = aesDemo/Info.plist;
				LD_RUNPATH_SEARCH_PATHS = (
					"$(inherited)",
					"@executable_path/Frameworks",
				);
				PRODUCT_BUNDLE_IDENTIFIER = admin.aesDemo;
				PRODUCT_NAME = "$(TARGET_NAME)";
				TARGETED_DEVICE_FAMILY = "1,2";
			};
			name = Release;
		};
/* End XCBuildConfiguration section */

/* Begin XCConfigurationList section */
		B5C744E024BC937400EE2175 /* Build configuration list for PBXProject "aesDemo" */ = {
			isa = XCConfigurationList;
			buildConfigurations = (
				B5C744FC24BC937A00EE2175 /* Debug */,
				B5C744FD24BC937A00EE2175 /* Release */,
			);
			defaultConfigurationIsVisible = 0;
			defaultConfigurationName = Release;
		};
		B5C744FE24BC937A00EE2175 /* Build configuration list for PBXNativeTarget "aesDemo" */ = {
			isa = XCConfigurationList;
			buildConfigurations = (
				B5C744FF24BC937A00EE2175 /* Debug */,
				B5C7450024BC937A00EE2175 /* Release */,
			);
			defaultConfigurationIsVisible = 0;
			defaultConfigurationName = Release;
		};
/* End XCConfigurationList section */
	};
	rootObject = B5C744DD24BC937400EE2175 /* Project object */;
}
